
Microsoft Visual Studio Solution File, Format Version 12.00
Project("{FAE04EC0-301F-11D3-BF4B-00C04F79EFBC}") = "Odtwarzacz", "Odtwarzacz\Odtwarzacz.csproj", "{6950A78D-81DC-4D45-AF2E-4BEAF77627CC}"
EndProject
Global
	GlobalSection(SolutionConfigurationPlatforms) = preSolution
		Debug|Any CPU = Debug|Any CPU
		Release|Any CPU = Release|Any CPU
	EndGlobalSection
	GlobalSection(ProjectConfigurationPlatforms) = postSolution
		{6950A78D-81DC-4D45-AF2E-4BEAF77627CC}.Debug|Any CPU.ActiveCfg = Debug|Any CPU
		{6950A78D-81DC-4D45-AF2E-4BEAF77627CC}.Debug|Any CPU.Build.0 = Debug|Any CPU
		{6950A78D-81DC-4D45-AF2E-4BEAF77627CC}.Release|Any CPU.ActiveCfg = Release|Any CPU
		{6950A78D-81DC-4D45-AF2E-4BEAF77627CC}.Release|Any CPU.Build.0 = Release|Any CPU
	EndGlobalSection
EndGlobal
